
Microsoft Visual Studio Solution File, Format Version 12.00
# Visual Studio 2013
VisualStudioVersion = 12.0.30110.0
MinimumVisualStudioVersion = 10.0.40219.1
Project("{FAE04EC0-301F-11D3-BF4B-00C04F79EFBC}") = "Stopwatch", "Stopwatch.csproj", "{8AE8129C-E08D-4780-94C4-DCB8F87CE632}"
EndProject
Project("{2150E333-8FDC-42A3-9474-1A3956D46DE8}") = ".nuget", ".nuget", "{0E3038B0-D5F9-47A9-990F-9C45DE18685B}"
	ProjectSection(SolutionItems) = preProject
		.nuget\NuGet.Config = .nuget\NuGet.Config
		.nuget\NuGet.exe = .nuget\NuGet.exe
		.nuget\NuGet.targets = .nuget\NuGet.targets
	EndProjectSection
EndProject
Global
	GlobalSection(SolutionConfigurationPlatforms) = preSolution
		Debug|Any CPU = Debug|Any CPU
		Release|Any CPU = Release|Any CPU
	EndGlobalSection
	GlobalSection(ProjectConfigurationPlatforms) = postSolution
		{8AE8129C-E08D-4780-94C4-DCB8F87CE632}.Debug|Any CPU.ActiveCfg = Debug|Any CPU
		{8AE8129C-E08D-4780-94C4-DCB8F87CE632}.Debug|Any CPU.Build.0 = Debug|Any CPU
		{8AE8129C-E08D-4780-94C4-DCB8F87CE632}.Release|Any CPU.ActiveCfg = Release|Any CPU
		{8AE8129C-E08D-4780-94C4-DCB8F87CE632}.Release|Any CPU.Build.0 = Release|Any CPU
	EndGlobalSection
	GlobalSection(SolutionProperties) = preSolution
		HideSolutionNode = FALSE
	EndGlobalSection
EndGlobal
